
Microsoft Visual Studio Solution File, Format Version 12.00
# Visual Studio Version 17
VisualStudioVersion = 17.7.34202.233
MinimumVisualStudioVersion = 10.0.40219.1
Project("{9A19103F-16F7-4668-BE54-9A1E7A4F7556}") = "LabApp", "LabApp\LabApp.csproj", "{DDE368C2-337B-4BE1-BAF3-97C762D129E2}"
EndProject
Project("{FAE04EC0-301F-11D3-BF4B-00C04F79EFBC}") = "GrpcClient", "GrpcClient\GrpcClient.csproj", "{B54253D0-A99B-4ECB-A98D-847792DF9848}"
EndProject
Project("{FAE04EC0-301F-11D3-BF4B-00C04F79EFBC}") = "LabApp.AdminPanel", "LabApp.AdminPanel\LabApp.AdminPanel.csproj", "{D1A44BAB-55FB-4C63-ADA8-8C3F115C945F}"
EndProject
Global
	GlobalSection(SolutionConfigurationPlatforms) = preSolution
		Debug|Any CPU = Debug|Any CPU
		Release|Any CPU = Release|Any CPU
	EndGlobalSection
	GlobalSection(ProjectConfigurationPlatforms) = postSolution
		{DDE368C2-337B-4BE1-BAF3-97C762D129E2}.Debug|Any CPU.ActiveCfg = Debug|Any CPU
		{DDE368C2-337B-4BE1-BAF3-97C762D129E2}.Debug|Any CPU.Build.0 = Debug|Any CPU
		{DDE368C2-337B-4BE1-BAF3-97C762D129E2}.Release|Any CPU.ActiveCfg = Release|Any CPU
		{DDE368C2-337B-4BE1-BAF3-97C762D129E2}.Release|Any CPU.Build.0 = Release|Any CPU
		{B54253D0-A99B-4ECB-A98D-847792DF9848}.Debug|Any CPU.ActiveCfg = Debug|Any CPU
		{B54253D0-A99B-4ECB-A98D-847792DF9848}.Debug|Any CPU.Build.0 = Debug|Any CPU
		{B54253D0-A99B-4ECB-A98D-847792DF9848}.Release|Any CPU.ActiveCfg = Release|Any CPU
		{B54253D0-A99B-4ECB-A98D-847792DF9848}.Release|Any CPU.Build.0 = Release|Any CPU
		{D1A44BAB-55FB-4C63-ADA8-8C3F115C945F}.Debug|Any CPU.ActiveCfg = Debug|Any CPU
		{D1A44BAB-55FB-4C63-ADA8-8C3F115C945F}.Debug|Any CPU.Build.0 = Debug|Any CPU
		{D1A44BAB-55FB-4C63-ADA8-8C3F115C945F}.Release|Any CPU.ActiveCfg = Release|Any CPU
		{D1A44BAB-55FB-4C63-ADA8-8C3F115C945F}.Release|Any CPU.Build.0 = Release|Any CPU
	EndGlobalSection
	GlobalSection(SolutionProperties) = preSolution
		HideSolutionNode = FALSE
	EndGlobalSection
	GlobalSection(ExtensibilityGlobals) = postSolution
		SolutionGuid = {6CCE4FBF-2058-4B88-8D9D-C0819BB7ABF4}
	EndGlobalSection
EndGlobal
